// !$*UTF8*$!
{
	archiveVersion = 1;
	classes = {
	};
	objectVersion = 50;
	objects = {

/* Begin PBXBuildFile section */
		3D075F28234BE1D900AB4AF6 /* AppDelegate.swift in Sources */ = {isa = PBXBuildFile; fileRef = 3D075F27234BE1D900AB4AF6 /* AppDelegate.swift */; };
		3D075F2A234BE1D900AB4AF6 /* ViewController.swift in Sources */ = {isa = PBXBuildFile; fileRef = 3D075F29234BE1D900AB4AF6 /* ViewController.swift */; };
		3D075F2D234BE1DA00AB4AF6 /* Main.storyboard in Resources */ = {isa = PBXBuildFile; fileRef = 3D075F2B234BE1DA00AB4AF6 /* Main.storyboard */; };
		3D075F2F234BE1E300AB4AF6 /* Assets.xcassets in Resources */ = {isa = PBXBuildFile; fileRef = 3D075F2E234BE1E300AB4AF6 /* Assets.xcassets */; };
		3D075F32234BE1E300AB4AF6 /* LaunchScreen.storyboard in Resources */ = {isa = PBXBuildFile; fileRef = 3D075F30234BE1E300AB4AF6 /* LaunchScreen.storyboard */; };
		3D075F3D234BE1E300AB4AF6 /* iOSProyectoParcial2Tests.swift in Sources */ = {isa = PBXBuildFile; fileRef = 3D075F3C234BE1E300AB4AF6 /* iOSProyectoParcial2Tests.swift */; };
		3D075F48234BE1E300AB4AF6 /* iOSProyectoParcial2UITests.swift in Sources */ = {isa = PBXBuildFile; fileRef = 3D075F47234BE1E300AB4AF6 /* iOSProyectoParcial2UITests.swift */; };
/* End PBXBuildFile section */

/* Begin PBXContainerItemProxy section */
		3D075F39234BE1E300AB4AF6 /* PBXContainerItemProxy */ = {
			isa = PBXContainerItemProxy;
			containerPortal = 3D075F1C234BE1D900AB4AF6 /* Project object */;
			proxyType = 1;
			remoteGlobalIDString = 3D075F23234BE1D900AB4AF6;
			remoteInfo = iOSProyectoParcial2;
		};
		3D075F44234BE1E300AB4AF6 /* PBXContainerItemProxy */ = {
			isa = PBXContainerItemProxy;
			containerPortal = 3D075F1C234BE1D900AB4AF6 /* Project object */;
			proxyType = 1;
			remoteGlobalIDString = 3D075F23234BE1D900AB4AF6;
			remoteInfo = iOSProyectoParcial2;
		};
/* End PBXContainerItemProxy section */

/* Begin PBXFileReference section */
		3D075F24234BE1D900AB4AF6 /* iOSProyectoParcial2.app */ = {isa = PBXFileReference; explicitFileType = wrapper.application; includeInIndex = 0; path = iOSProyectoParcial2.app; sourceTree = BUILT_PRODUCTS_DIR; };
		3D075F27234BE1D900AB4AF6 /* AppDelegate.swift */ = {isa = PBXFileReference; lastKnownFileType = sourcecode.swift; path = AppDelegate.swift; sourceTree = "<group>"; };
		3D075F29234BE1D900AB4AF6 /* ViewController.swift */ = {isa = PBXFileReference; lastKnownFileType = sourcecode.swift; path = ViewController.swift; sourceTree = "<group>"; };
		3D075F2C234BE1DA00AB4AF6 /* Base */ = {isa = PBXFileReference; lastKnownFileType = file.storyboard; name = Base; path = Base.lproj/Main.storyboard; sourceTree = "<group>"; };
		3D075F2E234BE1E300AB4AF6 /* Assets.xcassets */ = {isa = PBXFileReference; lastKnownFileType = folder.assetcatalog; path = Assets.xcassets; sourceTree = "<group>"; };
		3D075F31234BE1E300AB4AF6 /* Base */ = {isa = PBXFileReference; lastKnownFileType = file.storyboard; name = Base; path = Base.lproj/LaunchScreen.storyboard; sourceTree = "<group>"; };
		3D075F33234BE1E300AB4AF6 /* Info.plist */ = {isa = PBXFileReference; lastKnownFileType = text.plist.xml; path = Info.plist; sourceTree = "<group>"; };
		3D075F38234BE1E300AB4AF6 /* iOSProyectoParcial2Tests.xctest */ = {isa = PBXFileReference; explicitFileType = wrapper.cfbundle; includeInIndex = 0; path = iOSProyectoParcial2Tests.xctest; sourceTree = BUILT_PRODUCTS_DIR; };
		3D075F3C234BE1E300AB4AF6 /* iOSProyectoParcial2Tests.swift */ = {isa = PBXFileReference; lastKnownFileType = sourcecode.swift; path = iOSProyectoParcial2Tests.swift; sourceTree = "<group>"; };
		3D075F3E234BE1E300AB4AF6 /* Info.plist */ = {isa = PBXFileReference; lastKnownFileType = text.plist.xml; path = Info.plist; sourceTree = "<group>"; };
		3D075F43234BE1E300AB4AF6 /* iOSProyectoParcial2UITests.xctest */ = {isa = PBXFileReference; explicitFileType = wrapper.cfbundle; includeInIndex = 0; path = iOSProyectoParcial2UITests.xctest; sourceTree = BUILT_PRODUCTS_DIR; };
		3D075F47234BE1E300AB4AF6 /* iOSProyectoParcial2UITests.swift */ = {isa = PBXFileReference; lastKnownFileType = sourcecode.swift; path = iOSProyectoParcial2UITests.swift; sourceTree = "<group>"; };
		3D075F49234BE1E300AB4AF6 /* Info.plist */ = {isa = PBXFileReference; lastKnownFileType = text.plist.xml; path = Info.plist; sourceTree = "<group>"; };
/* End PBXFileReference section */

/* Begin PBXFrameworksBuildPhase section */
		3D075F21234BE1D900AB4AF6 /* Frameworks */ = {
			isa = PBXFrameworksBuildPhase;
			buildActionMask = 2147483647;
			files = (
			);
			runOnlyForDeploymentPostprocessing = 0;
		};
		3D075F35234BE1E300AB4AF6 /* Frameworks */ = {
			isa = PBXFrameworksBuildPhase;
			buildActionMask = 2147483647;
			files = (
			);
			runOnlyForDeploymentPostprocessing = 0;
		};
		3D075F40234BE1E300AB4AF6 /* Frameworks */ = {
			isa = PBXFrameworksBuildPhase;
			buildActionMask = 2147483647;
			files = (
			);
			runOnlyForDeploymentPostprocessing = 0;
		};
/* End PBXFrameworksBuildPhase section */

/* Begin PBXGroup section */
		3D075F1B234BE1D900AB4AF6 = {
			isa = PBXGroup;
			children = (
				3D075F26234BE1D900AB4AF6 /* iOSProyectoParcial2 */,
				3D075F3B234BE1E300AB4AF6 /* iOSProyectoParcial2Tests */,
				3D075F46234BE1E300AB4AF6 /* iOSProyectoParcial2UITests */,
				3D075F25234BE1D900AB4AF6 /* Products */,
			);
			sourceTree = "<group>";
		};
		3D075F25234BE1D900AB4AF6 /* Products */ = {
			isa = PBXGroup;
			children = (
				3D075F24234BE1D900AB4AF6 /* iOSProyectoParcial2.app */,
				3D075F38234BE1E300AB4AF6 /* iOSProyectoParcial2Tests.xctest */,
				3D075F43234BE1E300AB4AF6 /* iOSProyectoParcial2UITests.xctest */,
			);
			name = Products;
			sourceTree = "<group>";
		};
		3D075F26234BE1D900AB4AF6 /* iOSProyectoParcial2 */ = {
			isa = PBXGroup;
			children = (
				3D075F59234BE24200AB4AF6 /* Storyboard */,
				3D075F58234BE23900AB4AF6 /* ViewControllers */,
				3D075F57234BE22C00AB4AF6 /* Models */,
				3D075F56234BE21F00AB4AF6 /* Resources */,
				3D075F55234BE20B00AB4AF6 /* App */,
			);
			path = iOSProyectoParcial2;
			sourceTree = "<group>";
		};
		3D075F3B234BE1E300AB4AF6 /* iOSProyectoParcial2Tests */ = {
			isa = PBXGroup;
			children = (
				3D075F3C234BE1E300AB4AF6 /* iOSProyectoParcial2Tests.swift */,
				3D075F3E234BE1E300AB4AF6 /* Info.plist */,
			);
			path = iOSProyectoParcial2Tests;
			sourceTree = "<group>";
		};
		3D075F46234BE1E300AB4AF6 /* iOSProyectoParcial2UITests */ = {
			isa = PBXGroup;
			children = (
				3D075F47234BE1E300AB4AF6 /* iOSProyectoParcial2UITests.swift */,
				3D075F49234BE1E300AB4AF6 /* Info.plist */,
			);
			path = iOSProyectoParcial2UITests;
			sourceTree = "<group>";
		};
		3D075F55234BE20B00AB4AF6 /* App */ = {
			isa = PBXGroup;
			children = (
				3D075F27234BE1D900AB4AF6 /* AppDelegate.swift */,
				3D075F33234BE1E300AB4AF6 /* Info.plist */,
			);
			name = App;
			sourceTree = "<group>";
		};
		3D075F56234BE21F00AB4AF6 /* Resources */ = {
			isa = PBXGroup;
			children = (
				3D075F2E234BE1E300AB4AF6 /* Assets.xcassets */,
			);
			name = Resources;
			sourceTree = "<group>";
		};
		3D075F57234BE22C00AB4AF6 /* Models */ = {
			isa = PBXGroup;
			children = (
			);
			name = Models;
			sourceTree = "<group>";
		};
		3D075F58234BE23900AB4AF6 /* ViewControllers */ = {
			isa = PBXGroup;
			children = (
				3D075F29234BE1D900AB4AF6 /* ViewController.swift */,
			);
			name = ViewControllers;
			sourceTree = "<group>";
		};
		3D075F59234BE24200AB4AF6 /* Storyboard */ = {
			isa = PBXGroup;
			children = (
				3D075F2B234BE1DA00AB4AF6 /* Main.storyboard */,
				3D075F30234BE1E300AB4AF6 /* LaunchScreen.storyboard */,
			);
			name = Storyboard;
			sourceTree = "<group>";
		};
/* End PBXGroup section */

/* Begin PBXNativeTarget section */
		3D075F23234BE1D900AB4AF6 /* iOSProyectoParcial2 */ = {
			isa = PBXNativeTarget;
			buildConfigurationList = 3D075F4C234BE1E300AB4AF6 /* Build configuration list for PBXNativeTarget "iOSProyectoParcial2" */;
			buildPhases = (
				3D075F20234BE1D900AB4AF6 /* Sources */,
				3D075F21234BE1D900AB4AF6 /* Frameworks */,
				3D075F22234BE1D900AB4AF6 /* Resources */,
			);
			buildRules = (
			);
			dependencies = (
			);
			name = iOSProyectoParcial2;
			productName = iOSProyectoParcial2;
			productReference = 3D075F24234BE1D900AB4AF6 /* iOSProyectoParcial2.app */;
			productType = "com.apple.product-type.application";
		};
		3D075F37234BE1E300AB4AF6 /* iOSProyectoParcial2Tests */ = {
			isa = PBXNativeTarget;
			buildConfigurationList = 3D075F4F234BE1E300AB4AF6 /* Build configuration list for PBXNativeTarget "iOSProyectoParcial2Tests" */;
			buildPhases = (
				3D075F34234BE1E300AB4AF6 /* Sources */,
				3D075F35234BE1E300AB4AF6 /* Frameworks */,
				3D075F36234BE1E300AB4AF6 /* Resources */,
			);
			buildRules = (
			);
			dependencies = (
				3D075F3A234BE1E300AB4AF6 /* PBXTargetDependency */,
			);
			name = iOSProyectoParcial2Tests;
			productName = iOSProyectoParcial2Tests;
			productReference = 3D075F38234BE1E300AB4AF6 /* iOSProyectoParcial2Tests.xctest */;
			productType = "com.apple.product-type.bundle.unit-test";
		};
		3D075F42234BE1E300AB4AF6 /* iOSProyectoParcial2UITests */ = {
			isa = PBXNativeTarget;
			buildConfigurationList = 3D075F52234BE1E300AB4AF6 /* Build configuration list for PBXNativeTarget "iOSProyectoParcial2UITests" */;
			buildPhases = (
				3D075F3F234BE1E300AB4AF6 /* Sources */,
				3D075F40234BE1E300AB4AF6 /* Frameworks */,
				3D075F41234BE1E300AB4AF6 /* Resources */,
			);
			buildRules = (
			);
			dependencies = (
				3D075F45234BE1E300AB4AF6 /* PBXTargetDependency */,
			);
			name = iOSProyectoParcial2UITests;
			productName = iOSProyectoParcial2UITests;
			productReference = 3D075F43234BE1E300AB4AF6 /* iOSProyectoParcial2UITests.xctest */;
			productType = "com.apple.product-type.bundle.ui-testing";
		};
/* End PBXNativeTarget section */

/* Begin PBXProject section */
		3D075F1C234BE1D900AB4AF6 /* Project object */ = {
			isa = PBXProject;
			attributes = {
				LastSwiftUpdateCheck = 1030;
				LastUpgradeCheck = 1030;
				ORGANIZATIONNAME = Alumno;
				TargetAttributes = {
					3D075F23234BE1D900AB4AF6 = {
						CreatedOnToolsVersion = 10.3;
					};
					3D075F37234BE1E300AB4AF6 = {
						CreatedOnToolsVersion = 10.3;
						TestTargetID = 3D075F23234BE1D900AB4AF6;
					};
					3D075F42234BE1E300AB4AF6 = {
						CreatedOnToolsVersion = 10.3;
						TestTargetID = 3D075F23234BE1D900AB4AF6;
					};
				};
			};
			buildConfigurationList = 3D075F1F234BE1D900AB4AF6 /* Build configuration list for PBXProject "iOSProyectoParcial2" */;
			compatibilityVersion = "Xcode 9.3";
			developmentRegion = en;
			hasScannedForEncodings = 0;
			knownRegions = (
				en,
				Base,
			);
			mainGroup = 3D075F1B234BE1D900AB4AF6;
			productRefGroup = 3D075F25234BE1D900AB4AF6 /* Products */;
			projectDirPath = "";
			projectRoot = "";
			targets = (
				3D075F23234BE1D900AB4AF6 /* iOSProyectoParcial2 */,
				3D075F37234BE1E300AB4AF6 /* iOSProyectoParcial2Tests */,
				3D075F42234BE1E300AB4AF6 /* iOSProyectoParcial2UITests */,
			);
		};
/* End PBXProject section */

/* Begin PBXResourcesBuildPhase section */
		3D075F22234BE1D900AB4AF6 /* Resources */ = {
			isa = PBXResourcesBuildPhase;
			buildActionMask = 2147483647;
			files = (
				3D075F32234BE1E300AB4AF6 /* LaunchScreen.storyboard in Resources */,
				3D075F2F234BE1E300AB4AF6 /* Assets.xcassets in Resources */,
				3D075F2D234BE1DA00AB4AF6 /* Main.storyboard in Resources */,
			);
			runOnlyForDeploymentPostprocessing = 0;
		};
		3D075F36234BE1E300AB4AF6 /* Resources */ = {
			isa = PBXResourcesBuildPhase;
			buildActionMask = 2147483647;
			files = (
			);
			runOnlyForDeploymentPostprocessing = 0;
		};
		3D075F41234BE1E300AB4AF6 /* Resources */ = {
			isa = PBXResourcesBuildPhase;
			buildActionMask = 2147483647;
			files = (
			);
			runOnlyForDeploymentPostprocessing = 0;
		};
/* End PBXResourcesBuildPhase section */

/* Begin PBXSourcesBuildPhase section */
		3D075F20234BE1D900AB4AF6 /* Sources */ = {
			isa = PBXSourcesBuildPhase;
			buildActionMask = 2147483647;
			files = (
				3D075F2A234BE1D900AB4AF6 /* ViewController.swift in Sources */,
				3D075F28234BE1D900AB4AF6 /* AppDelegate.swift in Sources */,
			);
			runOnlyForDeploymentPostprocessing = 0;
		};
		3D075F34234BE1E300AB4AF6 /* Sources */ = {
			isa = PBXSourcesBuildPhase;
			buildActionMask = 2147483647;
			files = (
				3D075F3D234BE1E300AB4AF6 /* iOSProyectoParcial2Tests.swift in Sources */,
			);
			runOnlyForDeploymentPostprocessing = 0;
		};
		3D075F3F234BE1E300AB4AF6 /* Sources */ = {
			isa = PBXSourcesBuildPhase;
			buildActionMask = 2147483647;
			files = (
				3D075F48234BE1E300AB4AF6 /* iOSProyectoParcial2UITests.swift in Sources */,
			);
			runOnlyForDeploymentPostprocessing = 0;
		};
/* End PBXSourcesBuildPhase section */

/* Begin PBXTargetDependency section */
		3D075F3A234BE1E300AB4AF6 /* PBXTargetDependency */ = {
			isa = PBXTargetDependency;
			target = 3D075F23234BE1D900AB4AF6 /* iOSProyectoParcial2 */;
			targetProxy = 3D075F39234BE1E300AB4AF6 /* PBXContainerItemProxy */;
		};
		3D075F45234BE1E300AB4AF6 /* PBXTargetDependency */ = {
			isa = PBXTargetDependency;
			target = 3D075F23234BE1D900AB4AF6 /* iOSProyectoParcial2 */;
			targetProxy = 3D075F44234BE1E300AB4AF6 /* PBXContainerItemProxy */;
		};
/* End PBXTargetDependency section */

/* Begin PBXVariantGroup section */
		3D075F2B234BE1DA00AB4AF6 /* Main.storyboard */ = {
			isa = PBXVariantGroup;
			children = (
				3D075F2C234BE1DA00AB4AF6 /* Base */,
			);
			name = Main.storyboard;
			sourceTree = "<group>";
		};
		3D075F30234BE1E300AB4AF6 /* LaunchScreen.storyboard */ = {
			isa = PBXVariantGroup;
			children = (
				3D075F31234BE1E300AB4AF6 /* Base */,
			);
			name = LaunchScreen.storyboard;
			sourceTree = "<group>";
		};
/* End PBXVariantGroup section */

/* Begin XCBuildConfiguration section */
		3D075F4A234BE1E300AB4AF6 /* Debug */ = {
			isa = XCBuildConfiguration;
			buildSettings = {
				ALWAYS_SEARCH_USER_PATHS = NO;
				CLANG_ANALYZER_NONNULL = YES;
				CLANG_ANALYZER_NUMBER_OBJECT_CONVERSION = YES_AGGRESSIVE;
				CLANG_CXX_LANGUAGE_STANDARD = "gnu++14";
				CLANG_CXX_LIBRARY = "libc++";
				CLANG_ENABLE_MODULES = YES;
				CLANG_ENABLE_OBJC_ARC = YES;
				CLANG_ENABLE_OBJC_WEAK = YES;
				CLANG_WARN_BLOCK_CAPTURE_AUTORELEASING = YES;
				CLANG_WARN_BOOL_CONVERSION = YES;
				CLANG_WARN_COMMA = YES;
				CLANG_WARN_CONSTANT_CONVERSION = YES;
				CLANG_WARN_DEPRECATED_OBJC_IMPLEMENTATIONS = YES;
				CLANG_WARN_DIRECT_OBJC_ISA_USAGE = YES_ERROR;
				CLANG_WARN_DOCUMENTATION_COMMENTS = YES;
				CLANG_WARN_EMPTY_BODY = YES;
				CLANG_WARN_ENUM_CONVERSION = YES;
				CLANG_WARN_INFINITE_RECURSION = YES;
				CLANG_WARN_INT_CONVERSION = YES;
				CLANG_WARN_NON_LITERAL_NULL_CONVERSION = YES;
				CLANG_WARN_OBJC_IMPLICIT_RETAIN_SELF = YES;
				CLANG_WARN_OBJC_LITERAL_CONVERSION = YES;
				CLANG_WARN_OBJC_ROOT_CLASS = YES_ERROR;
				CLANG_WARN_RANGE_LOOP_ANALYSIS = YES;
				CLANG_WARN_STRICT_PROTOTYPES = YES;
				CLANG_WARN_SUSPICIOUS_MOVE = YES;
				CLANG_WARN_UNGUARDED_AVAILABILITY = YES_AGGRESSIVE;
				CLANG_WARN_UNREACHABLE_CODE = YES;
				CLANG_WARN__DUPLICATE_METHOD_MATCH = YES;
				CODE_SIGN_IDENTITY = "iPhone Developer";
				COPY_PHASE_STRIP = NO;
				DEBUG_INFORMATION_FORMAT = dwarf;
				ENABLE_STRICT_OBJC_MSGSEND = YES;
				ENABLE_TESTABILITY = YES;
				GCC_C_LANGUAGE_STANDARD = gnu11;
				GCC_DYNAMIC_NO_PIC = NO;
				GCC_NO_COMMON_BLOCKS = YES;
				GCC_OPTIMIZATION_LEVEL = 0;
				GCC_PREPROCESSOR_DEFINITIONS = (
					"DEBUG=1",
					"$(inherited)",
				);
				GCC_WARN_64_TO_32_BIT_CONVERSION = YES;
				GCC_WARN_ABOUT_RETURN_TYPE = YES_ERROR;
				GCC_WARN_UNDECLARED_SELECTOR = YES;
				GCC_WARN_UNINITIALIZED_AUTOS = YES_AGGRESSIVE;
				GCC_WARN_UNUSED_FUNCTION = YES;
				GCC_WARN_UNUSED_VARIABLE = YES;
				IPHONEOS_DEPLOYMENT_TARGET = 12.4;
				MTL_ENABLE_DEBUG_INFO = INCLUDE_SOURCE;
				MTL_FAST_MATH = YES;
				ONLY_ACTIVE_ARCH = YES;
				SDKROOT = iphoneos;
				SWIFT_ACTIVE_COMPILATION_CONDITIONS = DEBUG;
				SWIFT_OPTIMIZATION_LEVEL = "-Onone";
			};
			name = Debug;
		};
		3D075F4B234BE1E300AB4AF6 /* Release */ = {
			isa = XCBuildConfiguration;
			buildSettings = {
				ALWAYS_SEARCH_USER_PATHS = NO;
				CLANG_ANALYZER_NONNULL = YES;
				CLANG_ANALYZER_NUMBER_OBJECT_CONVERSION = YES_AGGRESSIVE;
				CLANG_CXX_LANGUAGE_STANDARD = "gnu++14";
				CLANG_CXX_LIBRARY = "libc++";
				CLANG_ENABLE_MODULES = YES;
				CLANG_ENABLE_OBJC_ARC = YES;
				CLANG_ENABLE_OBJC_WEAK = YES;
				CLANG_WARN_BLOCK_CAPTURE_AUTORELEASING = YES;
				CLANG_WARN_BOOL_CONVERSION = YES;
				CLANG_WARN_COMMA = YES;
				CLANG_WARN_CONSTANT_CONVERSION = YES;
				CLANG_WARN_DEPRECATED_OBJC_IMPLEMENTATIONS = YES;
				CLANG_WARN_DIRECT_OBJC_ISA_USAGE = YES_ERROR;
				CLANG_WARN_DOCUMENTATION_COMMENTS = YES;
				CLANG_WARN_EMPTY_BODY = YES;
				CLANG_WARN_ENUM_CONVERSION = YES;
				CLANG_WARN_INFINITE_RECURSION = YES;
				CLANG_WARN_INT_CONVERSION = YES;
				CLANG_WARN_NON_LITERAL_NULL_CONVERSION = YES;
				CLANG_WARN_OBJC_IMPLICIT_RETAIN_SELF = YES;
				CLANG_WARN_OBJC_LITERAL_CONVERSION = YES;
				CLANG_WARN_OBJC_ROOT_CLASS = YES_ERROR;
				CLANG_WARN_RANGE_LOOP_ANALYSIS = YES;
				CLANG_WARN_STRICT_PROTOTYPES = YES;
				CLANG_WARN_SUSPICIOUS_MOVE = YES;
				CLANG_WARN_UNGUARDED_AVAILABILITY = YES_AGGRESSIVE;
				CLANG_WARN_UNREACHABLE_CODE = YES;
				CLANG_WARN__DUPLICATE_METHOD_MATCH = YES;
				CODE_SIGN_IDENTITY = "iPhone Developer";
				COPY_PHASE_STRIP = NO;
				DEBUG_INFORMATION_FORMAT = "dwarf-with-dsym";
				ENABLE_NS_ASSERTIONS = NO;
				ENABLE_STRICT_OBJC_MSGSEND = YES;
				GCC_C_LANGUAGE_STANDARD = gnu11;
				GCC_NO_COMMON_BLOCKS = YES;
				GCC_WARN_64_TO_32_BIT_CONVERSION = YES;
				GCC_WARN_ABOUT_RETURN_TYPE = YES_ERROR;
				GCC_WARN_UNDECLARED_SELECTOR = YES;
				GCC_WARN_UNINITIALIZED_AUTOS = YES_AGGRESSIVE;
				GCC_WARN_UNUSED_FUNCTION = YES;
				GCC_WARN_UNUSED_VARIABLE = YES;
				IPHONEOS_DEPLOYMENT_TARGET = 12.4;
				MTL_ENABLE_DEBUG_INFO = NO;
				MTL_FAST_MATH = YES;
				SDKROOT = iphoneos;
				SWIFT_COMPILATION_MODE = wholemodule;
				SWIFT_OPTIMIZATION_LEVEL = "-O";
				VALIDATE_PRODUCT = YES;
			};
			name = Release;
		};
		3D075F4D234BE1E300AB4AF6 /* Debug */ = {
			isa = XCBuildConfiguration;
			buildSettings = {
				ASSETCATALOG_COMPILER_APPICON_NAME = AppIcon;
				CODE_SIGN_STYLE = Automatic;
				INFOPLIST_FILE = iOSProyectoParcial2/Info.plist;
				LD_RUNPATH_SEARCH_PATHS = (
					"$(inherited)",
					"@executable_path/Frameworks",
				);
				PRODUCT_BUNDLE_IDENTIFIER = ulsa.edu.iOSProyectoParcial2;
				PRODUCT_NAME = "$(TARGET_NAME)";
				SWIFT_VERSION = 5.0;
				TARGETED_DEVICE_FAMILY = "1,2";
			};
			name = Debug;
		};
		3D075F4E234BE1E300AB4AF6 /* Release */ = {
			isa = XCBuildConfiguration;
			buildSettings = {
				ASSETCATALOG_COMPILER_APPICON_NAME = AppIcon;
				CODE_SIGN_STYLE = Automatic;
				INFOPLIST_FILE = iOSProyectoParcial2/Info.plist;
				LD_RUNPATH_SEARCH_PATHS = (
					"$(inherited)",
					"@executable_path/Frameworks",
				);
				PRODUCT_BUNDLE_IDENTIFIER = ulsa.edu.iOSProyectoParcial2;
				PRODUCT_NAME = "$(TARGET_NAME)";
				SWIFT_VERSION = 5.0;
				TARGETED_DEVICE_FAMILY = "1,2";
			};
			name = Release;
		};
		3D075F50234BE1E300AB4AF6 /* Debug */ = {
			isa = XCBuildConfiguration;
			buildSettings = {
				ALWAYS_EMBED_SWIFT_STANDARD_LIBRARIES = YES;
				BUNDLE_LOADER = "$(TEST_HOST)";
				CODE_SIGN_STYLE = Automatic;
				INFOPLIST_FILE = iOSProyectoParcial2Tests/Info.plist;
				LD_RUNPATH_SEARCH_PATHS = (
					"$(inherited)",
					"@executable_path/Frameworks",
					"@loader_path/Frameworks",
				);
				PRODUCT_BUNDLE_IDENTIFIER = ulsa.edu.iOSProyectoParcial2Tests;
				PRODUCT_NAME = "$(TARGET_NAME)";
				SWIFT_VERSION = 5.0;
				TARGETED_DEVICE_FAMILY = "1,2";
				TEST_HOST = "$(BUILT_PRODUCTS_DIR)/iOSProyectoParcial2.app/iOSProyectoParcial2";
			};
			name = Debug;
		};
		3D075F51234BE1E300AB4AF6 /* Release */ = {
			isa = XCBuildConfiguration;
			buildSettings = {
				ALWAYS_EMBED_SWIFT_STANDARD_LIBRARIES = YES;
				BUNDLE_LOADER = "$(TEST_HOST)";
				CODE_SIGN_STYLE = Automatic;
				INFOPLIST_FILE = iOSProyectoParcial2Tests/Info.plist;
				LD_RUNPATH_SEARCH_PATHS = (
					"$(inherited)",
					"@executable_path/Frameworks",
					"@loader_path/Frameworks",
				);
				PRODUCT_BUNDLE_IDENTIFIER = ulsa.edu.iOSProyectoParcial2Tests;
				PRODUCT_NAME = "$(TARGET_NAME)";
				SWIFT_VERSION = 5.0;
				TARGETED_DEVICE_FAMILY = "1,2";
				TEST_HOST = "$(BUILT_PRODUCTS_DIR)/iOSProyectoParcial2.app/iOSProyectoParcial2";
			};
			name = Release;
		};
		3D075F53234BE1E300AB4AF6 /* Debug */ = {
			isa = XCBuildConfiguration;
			buildSettings = {
				ALWAYS_EMBED_SWIFT_STANDARD_LIBRARIES = YES;
				CODE_SIGN_STYLE = Automatic;
				INFOPLIST_FILE = iOSProyectoParcial2UITests/Info.plist;
				LD_RUNPATH_SEARCH_PATHS = (
					"$(inherited)",
					"@executable_path/Frameworks",
					"@loader_path/Frameworks",
				);
				PRODUCT_BUNDLE_IDENTIFIER = ulsa.edu.iOSProyectoParcial2UITests;
				PRODUCT_NAME = "$(TARGET_NAME)";
				SWIFT_VERSION = 5.0;
				TARGETED_DEVICE_FAMILY = "1,2";
				TEST_TARGET_NAME = iOSProyectoParcial2;
			};
			name = Debug;
		};
		3D075F54234BE1E300AB4AF6 /* Release */ = {
			isa = XCBuildConfiguration;
			buildSettings = {
				ALWAYS_EMBED_SWIFT_STANDARD_LIBRARIES = YES;
				CODE_SIGN_STYLE = Automatic;
				INFOPLIST_FILE = iOSProyectoParcial2UITests/Info.plist;
				LD_RUNPATH_SEARCH_PATHS = (
					"$(inherited)",
					"@executable_path/Frameworks",
					"@loader_path/Frameworks",
				);
				PRODUCT_BUNDLE_IDENTIFIER = ulsa.edu.iOSProyectoParcial2UITests;
				PRODUCT_NAME = "$(TARGET_NAME)";
				SWIFT_VERSION = 5.0;
				TARGETED_DEVICE_FAMILY = "1,2";
				TEST_TARGET_NAME = iOSProyectoParcial2;
			};
			name = Release;
		};
/* End XCBuildConfiguration section */

/* Begin XCConfigurationList section */
		3D075F1F234BE1D900AB4AF6 /* Build configuration list for PBXProject "iOSProyectoParcial2" */ = {
			isa = XCConfigurationList;
			buildConfigurations = (
				3D075F4A234BE1E300AB4AF6 /* Debug */,
				3D075F4B234BE1E300AB4AF6 /* Release */,
			);
			defaultConfigurationIsVisible = 0;
			defaultConfigurationName = Release;
		};
		3D075F4C234BE1E300AB4AF6 /* Build configuration list for PBXNativeTarget "iOSProyectoParcial2" */ = {
			isa = XCConfigurationList;
			buildConfigurations = (
				3D075F4D234BE1E300AB4AF6 /* Debug */,
				3D075F4E234BE1E300AB4AF6 /* Release */,
			);
			defaultConfigurationIsVisible = 0;
			defaultConfigurationName = Release;
		};
		3D075F4F234BE1E300AB4AF6 /* Build configuration list for PBXNativeTarget "iOSProyectoParcial2Tests" */ = {
			isa = XCConfigurationList;
			buildConfigurations = (
				3D075F50234BE1E300AB4AF6 /* Debug */,
				3D075F51234BE1E300AB4AF6 /* Release */,
			);
			defaultConfigurationIsVisible = 0;
			defaultConfigurationName = Release;
		};
		3D075F52234BE1E300AB4AF6 /* Build configuration list for PBXNativeTarget "iOSProyectoParcial2UITests" */ = {
			isa = XCConfigurationList;
			buildConfigurations = (
				3D075F53234BE1E300AB4AF6 /* Debug */,
				3D075F54234BE1E300AB4AF6 /* Release */,
			);
			defaultConfigurationIsVisible = 0;
			defaultConfigurationName = Release;
		};
/* End XCConfigurationList section */
	};
	rootObject = 3D075F1C234BE1D900AB4AF6 /* Project object */;
}
